
Microsoft Visual Studio Solution File, Format Version 12.00
# Visual Studio 2012
Project("{FAE04EC0-301F-11D3-BF4B-00C04F79EFBC}") = "Pinere", "Pinere\Pinere.csproj", "{8E63AAF0-501A-440A-A94F-EA73503A8F9A}"
EndProject
Global
	GlobalSection(TeamFoundationVersionControl) = preSolution
		SccNumberOfProjects = 2
		SccEnterpriseProvider = {4CA58AB2-18FA-4F8D-95D4-32DDF27D184C}
		SccTeamFoundationServer = https://koecrit.visualstudio.com/defaultcollection
		SccLocalPath0 = .
		SccProjectUniqueName1 = Pinere\\Pinere.csproj
		SccProjectName1 = Pinere
		SccLocalPath1 = Pinere
	EndGlobalSection
	GlobalSection(SolutionConfigurationPlatforms) = preSolution
		Debug|Any CPU = Debug|Any CPU
		Release|Any CPU = Release|Any CPU
	EndGlobalSection
	GlobalSection(ProjectConfigurationPlatforms) = postSolution
		{8E63AAF0-501A-440A-A94F-EA73503A8F9A}.Debug|Any CPU.ActiveCfg = Debug|Any CPU
		{8E63AAF0-501A-440A-A94F-EA73503A8F9A}.Debug|Any CPU.Build.0 = Debug|Any CPU
		{8E63AAF0-501A-440A-A94F-EA73503A8F9A}.Release|Any CPU.ActiveCfg = Release|Any CPU
		{8E63AAF0-501A-440A-A94F-EA73503A8F9A}.Release|Any CPU.Build.0 = Release|Any CPU
	EndGlobalSection
	GlobalSection(SolutionProperties) = preSolution
		HideSolutionNode = FALSE
	EndGlobalSection
EndGlobal
